
Microsoft Visual Studio Solution File, Format Version 12.00
# Visual Studio Version 16
VisualStudioVersion = 16.0.31702.278
MinimumVisualStudioVersion = 10.0.40219.1
Project("{8BC9CEB8-8B4A-11D0-8D11-00A0C91BC942}") = "boxandsfmlClass", "boxandsfmlClass.vcxproj", "{67255322-A9C8-4ECF-9170-1B782A160A0B}"
EndProject
Project("{8BC9CEB8-8B4A-11D0-8D11-00A0C91BC942}") = "testbed", "..\box2d-master\build\testbed\testbed.vcxproj", "{FB9511D3-C779-3668-A43B-41289F237649}"
EndProject
Project("{8BC9CEB8-8B4A-11D0-8D11-00A0C91BC942}") = "ConsoleApplication1", "..\ConsoleApplication1\ConsoleApplication1.vcxproj", "{03CF3FB3-CF39-462E-A777-99E3516DB0F1}"
EndProject
Global
	GlobalSection(SolutionConfigurationPlatforms) = preSolution
		Debug|x64 = Debug|x64
		Debug|x86 = Debug|x86
		MinSizeRel|x64 = MinSizeRel|x64
		MinSizeRel|x86 = MinSizeRel|x86
		Release|x64 = Release|x64
		Release|x86 = Release|x86
		RelWithDebInfo|x64 = RelWithDebInfo|x64
		RelWithDebInfo|x86 = RelWithDebInfo|x86
	EndGlobalSection
	GlobalSection(ProjectConfigurationPlatforms) = postSolution
		{67255322-A9C8-4ECF-9170-1B782A160A0B}.Debug|x64.ActiveCfg = Debug|x64
		{67255322-A9C8-4ECF-9170-1B782A160A0B}.Debug|x64.Build.0 = Debug|x64
		{67255322-A9C8-4ECF-9170-1B782A160A0B}.Debug|x86.ActiveCfg = Debug|Win32
		{67255322-A9C8-4ECF-9170-1B782A160A0B}.Debug|x86.Build.0 = Debug|Win32
		{67255322-A9C8-4ECF-9170-1B782A160A0B}.MinSizeRel|x64.ActiveCfg = Release|x64
		{67255322-A9C8-4ECF-9170-1B782A160A0B}.MinSizeRel|x64.Build.0 = Release|x64
		{67255322-A9C8-4ECF-9170-1B782A160A0B}.MinSizeRel|x86.ActiveCfg = Release|Win32
		{67255322-A9C8-4ECF-9170-1B782A160A0B}.MinSizeRel|x86.Build.0 = Release|Win32
		{67255322-A9C8-4ECF-9170-1B782A160A0B}.Release|x64.ActiveCfg = Release|x64
		{67255322-A9C8-4ECF-9170-1B782A160A0B}.Release|x64.Build.0 = Release|x64
		{67255322-A9C8-4ECF-9170-1B782A160A0B}.Release|x86.ActiveCfg = Release|Win32
		{67255322-A9C8-4ECF-9170-1B782A160A0B}.Release|x86.Build.0 = Release|Win32
		{67255322-A9C8-4ECF-9170-1B782A160A0B}.RelWithDebInfo|x64.ActiveCfg = Release|x64
		{67255322-A9C8-4ECF-9170-1B782A160A0B}.RelWithDebInfo|x64.Build.0 = Release|x64
		{67255322-A9C8-4ECF-9170-1B782A160A0B}.RelWithDebInfo|x86.ActiveCfg = Release|Win32
		{67255322-A9C8-4ECF-9170-1B782A160A0B}.RelWithDebInfo|x86.Build.0 = Release|Win32
		{FB9511D3-C779-3668-A43B-41289F237649}.Debug|x64.ActiveCfg = Debug|x64
		{FB9511D3-C779-3668-A43B-41289F237649}.Debug|x64.Build.0 = Debug|x64
		{FB9511D3-C779-3668-A43B-41289F237649}.Debug|x86.ActiveCfg = Debug|x64
		{FB9511D3-C779-3668-A43B-41289F237649}.MinSizeRel|x64.ActiveCfg = MinSizeRel|x64
		{FB9511D3-C779-3668-A43B-41289F237649}.MinSizeRel|x64.Build.0 = MinSizeRel|x64
		{FB9511D3-C779-3668-A43B-41289F237649}.MinSizeRel|x86.ActiveCfg = MinSizeRel|x64
		{FB9511D3-C779-3668-A43B-41289F237649}.Release|x64.ActiveCfg = Release|x64
		{FB9511D3-C779-3668-A43B-41289F237649}.Release|x64.Build.0 = Release|x64
		{FB9511D3-C779-3668-A43B-41289F237649}.Release|x86.ActiveCfg = Release|x64
		{FB9511D3-C779-3668-A43B-41289F237649}.RelWithDebInfo|x64.ActiveCfg = RelWithDebInfo|x64
		{FB9511D3-C779-3668-A43B-41289F237649}.RelWithDebInfo|x64.Build.0 = RelWithDebInfo|x64
		{FB9511D3-C779-3668-A43B-41289F237649}.RelWithDebInfo|x86.ActiveCfg = RelWithDebInfo|x64
		{03CF3FB3-CF39-462E-A777-99E3516DB0F1}.Debug|x64.ActiveCfg = Debug|x64
		{03CF3FB3-CF39-462E-A777-99E3516DB0F1}.Debug|x64.Build.0 = Debug|x64
		{03CF3FB3-CF39-462E-A777-99E3516DB0F1}.Debug|x86.ActiveCfg = Debug|Win32
		{03CF3FB3-CF39-462E-A777-99E3516DB0F1}.Debug|x86.Build.0 = Debug|Win32
		{03CF3FB3-CF39-462E-A777-99E3516DB0F1}.MinSizeRel|x64.ActiveCfg = Debug|x64
		{03CF3FB3-CF39-462E-A777-99E3516DB0F1}.MinSizeRel|x64.Build.0 = Debug|x64
		{03CF3FB3-CF39-462E-A777-99E3516DB0F1}.MinSizeRel|x86.ActiveCfg = Debug|Win32
		{03CF3FB3-CF39-462E-A777-99E3516DB0F1}.MinSizeRel|x86.Build.0 = Debug|Win32
		{03CF3FB3-CF39-462E-A777-99E3516DB0F1}.Release|x64.ActiveCfg = Release|x64
		{03CF3FB3-CF39-462E-A777-99E3516DB0F1}.Release|x64.Build.0 = Release|x64
		{03CF3FB3-CF39-462E-A777-99E3516DB0F1}.Release|x86.ActiveCfg = Release|Win32
		{03CF3FB3-CF39-462E-A777-99E3516DB0F1}.Release|x86.Build.0 = Release|Win32
		{03CF3FB3-CF39-462E-A777-99E3516DB0F1}.RelWithDebInfo|x64.ActiveCfg = Release|x64
		{03CF3FB3-CF39-462E-A777-99E3516DB0F1}.RelWithDebInfo|x64.Build.0 = Release|x64
		{03CF3FB3-CF39-462E-A777-99E3516DB0F1}.RelWithDebInfo|x86.ActiveCfg = Release|Win32
		{03CF3FB3-CF39-462E-A777-99E3516DB0F1}.RelWithDebInfo|x86.Build.0 = Release|Win32
	EndGlobalSection
	GlobalSection(SolutionProperties) = preSolution
		HideSolutionNode = FALSE
	EndGlobalSection
	GlobalSection(ExtensibilityGlobals) = postSolution
		SolutionGuid = {CCD1A07F-210C-48C9-A0EE-FC76C1780010}
	EndGlobalSection
EndGlobal
